
Microsoft Visual Studio Solution File, Format Version 12.00
# Visual Studio Version 17
VisualStudioVersion = 17.8.34511.84
MinimumVisualStudioVersion = 10.0.40219.1
Project("{54A90642-561A-4BB1-A94E-469ADEE60C69}") = "reactproject1", "reactproject1.esproj", "{030A569C-143A-4B20-B58B-E66265E34FEC}"
EndProject
Global
	GlobalSection(SolutionConfigurationPlatforms) = preSolution
		Debug|Any CPU = Debug|Any CPU
		Release|Any CPU = Release|Any CPU
	EndGlobalSection
	GlobalSection(ProjectConfigurationPlatforms) = postSolution
		{030A569C-143A-4B20-B58B-E66265E34FEC}.Debug|Any CPU.ActiveCfg = Debug|Any CPU
		{030A569C-143A-4B20-B58B-E66265E34FEC}.Debug|Any CPU.Build.0 = Debug|Any CPU
		{030A569C-143A-4B20-B58B-E66265E34FEC}.Debug|Any CPU.Deploy.0 = Debug|Any CPU
		{030A569C-143A-4B20-B58B-E66265E34FEC}.Release|Any CPU.ActiveCfg = Release|Any CPU
		{030A569C-143A-4B20-B58B-E66265E34FEC}.Release|Any CPU.Build.0 = Release|Any CPU
		{030A569C-143A-4B20-B58B-E66265E34FEC}.Release|Any CPU.Deploy.0 = Release|Any CPU
	EndGlobalSection
	GlobalSection(SolutionProperties) = preSolution
		HideSolutionNode = FALSE
	EndGlobalSection
	GlobalSection(ExtensibilityGlobals) = postSolution
		SolutionGuid = {D7222E02-8D89-4365-8040-10B906AA8B60}
	EndGlobalSection
EndGlobal
